// !$*UTF8*$!
{
	archiveVersion = 1;
	classes = {
	};
	objectVersion = 50;
	objects = {

/* Begin PBXBuildFile section */
		BF1C6C78261F373000FCE90A /* AppDelegate.swift in Sources */ = {isa = PBXBuildFile; fileRef = BF1C6C77261F373000FCE90A /* AppDelegate.swift */; };
		BF1C6C7A261F373000FCE90A /* SceneDelegate.swift in Sources */ = {isa = PBXBuildFile; fileRef = BF1C6C79261F373000FCE90A /* SceneDelegate.swift */; };
		BF1C6C7C261F373000FCE90A /* ViewController.swift in Sources */ = {isa = PBXBuildFile; fileRef = BF1C6C7B261F373000FCE90A /* ViewController.swift */; };
		BF1C6C7F261F373000FCE90A /* Main.storyboard in Resources */ = {isa = PBXBuildFile; fileRef = BF1C6C7D261F373000FCE90A /* Main.storyboard */; };
		BF1C6C81261F373100FCE90A /* Assets.xcassets in Resources */ = {isa = PBXBuildFile; fileRef = BF1C6C80261F373100FCE90A /* Assets.xcassets */; };
		BF1C6C84261F373100FCE90A /* LaunchScreen.storyboard in Resources */ = {isa = PBXBuildFile; fileRef = BF1C6C82261F373100FCE90A /* LaunchScreen.storyboard */; };
		BF1C6C91261F3A6F00FCE90A /* Story.swift in Sources */ = {isa = PBXBuildFile; fileRef = BF1C6C8F261F3A6F00FCE90A /* Story.swift */; };
		BF1C6C92261F3A6F00FCE90A /* StoryBrain.swift in Sources */ = {isa = PBXBuildFile; fileRef = BF1C6C90261F3A6F00FCE90A /* StoryBrain.swift */; };
/* End PBXBuildFile section */

/* Begin PBXFileReference section */
		BF1C6C74261F373000FCE90A /* YourStory.app */ = {isa = PBXFileReference; explicitFileType = wrapper.application; includeInIndex = 0; path = YourStory.app; sourceTree = BUILT_PRODUCTS_DIR; };
		BF1C6C77261F373000FCE90A /* AppDelegate.swift */ = {isa = PBXFileReference; lastKnownFileType = sourcecode.swift; path = AppDelegate.swift; sourceTree = "<group>"; };
		BF1C6C79261F373000FCE90A /* SceneDelegate.swift */ = {isa = PBXFileReference; lastKnownFileType = sourcecode.swift; path = SceneDelegate.swift; sourceTree = "<group>"; };
		BF1C6C7B261F373000FCE90A /* ViewController.swift */ = {isa = PBXFileReference; lastKnownFileType = sourcecode.swift; path = ViewController.swift; sourceTree = "<group>"; };
		BF1C6C7E261F373000FCE90A /* Base */ = {isa = PBXFileReference; lastKnownFileType = file.storyboard; name = Base; path = Base.lproj/Main.storyboard; sourceTree = "<group>"; };
		BF1C6C80261F373100FCE90A /* Assets.xcassets */ = {isa = PBXFileReference; lastKnownFileType = folder.assetcatalog; path = Assets.xcassets; sourceTree = "<group>"; };
		BF1C6C83261F373100FCE90A /* Base */ = {isa = PBXFileReference; lastKnownFileType = file.storyboard; name = Base; path = Base.lproj/LaunchScreen.storyboard; sourceTree = "<group>"; };
		BF1C6C85261F373100FCE90A /* Info.plist */ = {isa = PBXFileReference; lastKnownFileType = text.plist.xml; path = Info.plist; sourceTree = "<group>"; };
		BF1C6C8F261F3A6F00FCE90A /* Story.swift */ = {isa = PBXFileReference; fileEncoding = 4; lastKnownFileType = sourcecode.swift; path = Story.swift; sourceTree = "<group>"; };
		BF1C6C90261F3A6F00FCE90A /* StoryBrain.swift */ = {isa = PBXFileReference; fileEncoding = 4; lastKnownFileType = sourcecode.swift; path = StoryBrain.swift; sourceTree = "<group>"; };
/* End PBXFileReference section */

/* Begin PBXFrameworksBuildPhase section */
		BF1C6C71261F373000FCE90A /* Frameworks */ = {
			isa = PBXFrameworksBuildPhase;
			buildActionMask = 2147483647;
			files = (
			);
			runOnlyForDeploymentPostprocessing = 0;
		};
/* End PBXFrameworksBuildPhase section */

/* Begin PBXGroup section */
		BF1C6C6B261F373000FCE90A = {
			isa = PBXGroup;
			children = (
				BF1C6C76261F373000FCE90A /* YourStory */,
				BF1C6C75261F373000FCE90A /* Products */,
			);
			sourceTree = "<group>";
		};
		BF1C6C75261F373000FCE90A /* Products */ = {
			isa = PBXGroup;
			children = (
				BF1C6C74261F373000FCE90A /* YourStory.app */,
			);
			name = Products;
			sourceTree = "<group>";
		};
		BF1C6C76261F373000FCE90A /* YourStory */ = {
			isa = PBXGroup;
			children = (
				BF1C6C77261F373000FCE90A /* AppDelegate.swift */,
				BF1C6C79261F373000FCE90A /* SceneDelegate.swift */,
				BF1C6C94261F3AA100FCE90A /* Model */,
				BF1C6C8C261F3A4900FCE90A /* Controller */,
				BF1C6C8E261F3A5400FCE90A /* View */,
				BF1C6C80261F373100FCE90A /* Assets.xcassets */,
				BF1C6C82261F373100FCE90A /* LaunchScreen.storyboard */,
				BF1C6C85261F373100FCE90A /* Info.plist */,
			);
			path = YourStory;
			sourceTree = "<group>";
		};
		BF1C6C8C261F3A4900FCE90A /* Controller */ = {
			isa = PBXGroup;
			children = (
				BF1C6C7B261F373000FCE90A /* ViewController.swift */,
			);
			path = Controller;
			sourceTree = "<group>";
		};
		BF1C6C8E261F3A5400FCE90A /* View */ = {
			isa = PBXGroup;
			children = (
				BF1C6C7D261F373000FCE90A /* Main.storyboard */,
			);
			path = View;
			sourceTree = "<group>";
		};
		BF1C6C94261F3AA100FCE90A /* Model */ = {
			isa = PBXGroup;
			children = (
				BF1C6C8F261F3A6F00FCE90A /* Story.swift */,
				BF1C6C90261F3A6F00FCE90A /* StoryBrain.swift */,
			);
			path = Model;
			sourceTree = "<group>";
		};
/* End PBXGroup section */

/* Begin PBXNativeTarget section */
		BF1C6C73261F373000FCE90A /* YourStory */ = {
			isa = PBXNativeTarget;
			buildConfigurationList = BF1C6C88261F373100FCE90A /* Build configuration list for PBXNativeTarget "YourStory" */;
			buildPhases = (
				BF1C6C70261F373000FCE90A /* Sources */,
				BF1C6C71261F373000FCE90A /* Frameworks */,
				BF1C6C72261F373000FCE90A /* Resources */,
			);
			buildRules = (
			);
			dependencies = (
			);
			name = YourStory;
			productName = YourStory;
			productReference = BF1C6C74261F373000FCE90A /* YourStory.app */;
			productType = "com.apple.product-type.application";
		};
/* End PBXNativeTarget section */

/* Begin PBXProject section */
		BF1C6C6C261F373000FCE90A /* Project object */ = {
			isa = PBXProject;
			attributes = {
				LastSwiftUpdateCheck = 1240;
				LastUpgradeCheck = 1240;
				TargetAttributes = {
					BF1C6C73261F373000FCE90A = {
						CreatedOnToolsVersion = 12.4;
					};
				};
			};
			buildConfigurationList = BF1C6C6F261F373000FCE90A /* Build configuration list for PBXProject "YourStory" */;
			compatibilityVersion = "Xcode 9.3";
			developmentRegion = en;
			hasScannedForEncodings = 0;
			knownRegions = (
				en,
				Base,
			);
			mainGroup = BF1C6C6B261F373000FCE90A;
			productRefGroup = BF1C6C75261F373000FCE90A /* Products */;
			projectDirPath = "";
			projectRoot = "";
			targets = (
				BF1C6C73261F373000FCE90A /* YourStory */,
			);
		};
/* End PBXProject section */

/* Begin PBXResourcesBuildPhase section */
		BF1C6C72261F373000FCE90A /* Resources */ = {
			isa = PBXResourcesBuildPhase;
			buildActionMask = 2147483647;
			files = (
				BF1C6C84261F373100FCE90A /* LaunchScreen.storyboard in Resources */,
				BF1C6C81261F373100FCE90A /* Assets.xcassets in Resources */,
				BF1C6C7F261F373000FCE90A /* Main.storyboard in Resources */,
			);
			runOnlyForDeploymentPostprocessing = 0;
		};
/* End PBXResourcesBuildPhase section */

/* Begin PBXSourcesBuildPhase section */
		BF1C6C70261F373000FCE90A /* Sources */ = {
			isa = PBXSourcesBuildPhase;
			buildActionMask = 2147483647;
			files = (
				BF1C6C92261F3A6F00FCE90A /* StoryBrain.swift in Sources */,
				BF1C6C7C261F373000FCE90A /* ViewController.swift in Sources */,
				BF1C6C78261F373000FCE90A /* AppDelegate.swift in Sources */,
				BF1C6C7A261F373000FCE90A /* SceneDelegate.swift in Sources */,
				BF1C6C91261F3A6F00FCE90A /* Story.swift in Sources */,
			);
			runOnlyForDeploymentPostprocessing = 0;
		};
/* End PBXSourcesBuildPhase section */

/* Begin PBXVariantGroup section */
		BF1C6C7D261F373000FCE90A /* Main.storyboard */ = {
			isa = PBXVariantGroup;
			children = (
				BF1C6C7E261F373000FCE90A /* Base */,
			);
			name = Main.storyboard;
			sourceTree = "<group>";
		};
		BF1C6C82261F373100FCE90A /* LaunchScreen.storyboard */ = {
			isa = PBXVariantGroup;
			children = (
				BF1C6C83261F373100FCE90A /* Base */,
			);
			name = LaunchScreen.storyboard;
			sourceTree = "<group>";
		};
/* End PBXVariantGroup section */

/* Begin XCBuildConfiguration section */
		BF1C6C86261F373100FCE90A /* Debug */ = {
			isa = XCBuildConfiguration;
			buildSettings = {
				ALWAYS_SEARCH_USER_PATHS = NO;
				CLANG_ANALYZER_NONNULL = YES;
				CLANG_ANALYZER_NUMBER_OBJECT_CONVERSION = YES_AGGRESSIVE;
				CLANG_CXX_LANGUAGE_STANDARD = "gnu++14";
				CLANG_CXX_LIBRARY = "libc++";
				CLANG_ENABLE_MODULES = YES;
				CLANG_ENABLE_OBJC_ARC = YES;
				CLANG_ENABLE_OBJC_WEAK = YES;
				CLANG_WARN_BLOCK_CAPTURE_AUTORELEASING = YES;
				CLANG_WARN_BOOL_CONVERSION = YES;
				CLANG_WARN_COMMA = YES;
				CLANG_WARN_CONSTANT_CONVERSION = YES;
				CLANG_WARN_DEPRECATED_OBJC_IMPLEMENTATIONS = YES;
				CLANG_WARN_DIRECT_OBJC_ISA_USAGE = YES_ERROR;
				CLANG_WARN_DOCUMENTATION_COMMENTS = YES;
				CLANG_WARN_EMPTY_BODY = YES;
				CLANG_WARN_ENUM_CONVERSION = YES;
				CLANG_WARN_INFINITE_RECURSION = YES;
				CLANG_WARN_INT_CONVERSION = YES;
				CLANG_WARN_NON_LITERAL_NULL_CONVERSION = YES;
				CLANG_WARN_OBJC_IMPLICIT_RETAIN_SELF = YES;
				CLANG_WARN_OBJC_LITERAL_CONVERSION = YES;
				CLANG_WARN_OBJC_ROOT_CLASS = YES_ERROR;
				CLANG_WARN_QUOTED_INCLUDE_IN_FRAMEWORK_HEADER = YES;
				CLANG_WARN_RANGE_LOOP_ANALYSIS = YES;
				CLANG_WARN_STRICT_PROTOTYPES = YES;
				CLANG_WARN_SUSPICIOUS_MOVE = YES;
				CLANG_WARN_UNGUARDED_AVAILABILITY = YES_AGGRESSIVE;
				CLANG_WARN_UNREACHABLE_CODE = YES;
				CLANG_WARN__DUPLICATE_METHOD_MATCH = YES;
				COPY_PHASE_STRIP = NO;
				DEBUG_INFORMATION_FORMAT = dwarf;
				ENABLE_STRICT_OBJC_MSGSEND = YES;
				ENABLE_TESTABILITY = YES;
				GCC_C_LANGUAGE_STANDARD = gnu11;
				GCC_DYNAMIC_NO_PIC = NO;
				GCC_NO_COMMON_BLOCKS = YES;
				GCC_OPTIMIZATION_LEVEL = 0;
				GCC_PREPROCESSOR_DEFINITIONS = (
					"DEBUG=1",
					"$(inherited)",
				);
				GCC_WARN_64_TO_32_BIT_CONVERSION = YES;
				GCC_WARN_ABOUT_RETURN_TYPE = YES_ERROR;
				GCC_WARN_UNDECLARED_SELECTOR = YES;
				GCC_WARN_UNINITIALIZED_AUTOS = YES_AGGRESSIVE;
				GCC_WARN_UNUSED_FUNCTION = YES;
				GCC_WARN_UNUSED_VARIABLE = YES;
				IPHONEOS_DEPLOYMENT_TARGET = 14.4;
				MTL_ENABLE_DEBUG_INFO = INCLUDE_SOURCE;
				MTL_FAST_MATH = YES;
				ONLY_ACTIVE_ARCH = YES;
				SDKROOT = iphoneos;
				SWIFT_ACTIVE_COMPILATION_CONDITIONS = DEBUG;
				SWIFT_OPTIMIZATION_LEVEL = "-Onone";
			};
			name = Debug;
		};
		BF1C6C87261F373100FCE90A /* Release */ = {
			isa = XCBuildConfiguration;
			buildSettings = {
				ALWAYS_SEARCH_USER_PATHS = NO;
				CLANG_ANALYZER_NONNULL = YES;
				CLANG_ANALYZER_NUMBER_OBJECT_CONVERSION = YES_AGGRESSIVE;
				CLANG_CXX_LANGUAGE_STANDARD = "gnu++14";
				CLANG_CXX_LIBRARY = "libc++";
				CLANG_ENABLE_MODULES = YES;
				CLANG_ENABLE_OBJC_ARC = YES;
				CLANG_ENABLE_OBJC_WEAK = YES;
				CLANG_WARN_BLOCK_CAPTURE_AUTORELEASING = YES;
				CLANG_WARN_BOOL_CONVERSION = YES;
				CLANG_WARN_COMMA = YES;
				CLANG_WARN_CONSTANT_CONVERSION = YES;
				CLANG_WARN_DEPRECATED_OBJC_IMPLEMENTATIONS = YES;
				CLANG_WARN_DIRECT_OBJC_ISA_USAGE = YES_ERROR;
				CLANG_WARN_DOCUMENTATION_COMMENTS = YES;
				CLANG_WARN_EMPTY_BODY = YES;
				CLANG_WARN_ENUM_CONVERSION = YES;
				CLANG_WARN_INFINITE_RECURSION = YES;
				CLANG_WARN_INT_CONVERSION = YES;
				CLANG_WARN_NON_LITERAL_NULL_CONVERSION = YES;
				CLANG_WARN_OBJC_IMPLICIT_RETAIN_SELF = YES;
				CLANG_WARN_OBJC_LITERAL_CONVERSION = YES;
				CLANG_WARN_OBJC_ROOT_CLASS = YES_ERROR;
				CLANG_WARN_QUOTED_INCLUDE_IN_FRAMEWORK_HEADER = YES;
				CLANG_WARN_RANGE_LOOP_ANALYSIS = YES;
				CLANG_WARN_STRICT_PROTOTYPES = YES;
				CLANG_WARN_SUSPICIOUS_MOVE = YES;
				CLANG_WARN_UNGUARDED_AVAILABILITY = YES_AGGRESSIVE;
				CLANG_WARN_UNREACHABLE_CODE = YES;
				CLANG_WARN__DUPLICATE_METHOD_MATCH = YES;
				COPY_PHASE_STRIP = NO;
				DEBUG_INFORMATION_FORMAT = "dwarf-with-dsym";
				ENABLE_NS_ASSERTIONS = NO;
				ENABLE_STRICT_OBJC_MSGSEND = YES;
				GCC_C_LANGUAGE_STANDARD = gnu11;
				GCC_NO_COMMON_BLOCKS = YES;
				GCC_WARN_64_TO_32_BIT_CONVERSION = YES;
				GCC_WARN_ABOUT_RETURN_TYPE = YES_ERROR;
				GCC_WARN_UNDECLARED_SELECTOR = YES;
				GCC_WARN_UNINITIALIZED_AUTOS = YES_AGGRESSIVE;
				GCC_WARN_UNUSED_FUNCTION = YES;
				GCC_WARN_UNUSED_VARIABLE = YES;
				IPHONEOS_DEPLOYMENT_TARGET = 14.4;
				MTL_ENABLE_DEBUG_INFO = NO;
				MTL_FAST_MATH = YES;
				SDKROOT = iphoneos;
				SWIFT_COMPILATION_MODE = wholemodule;
				SWIFT_OPTIMIZATION_LEVEL = "-O";
				VALIDATE_PRODUCT = YES;
			};
			name = Release;
		};
		BF1C6C89261F373100FCE90A /* Debug */ = {
			isa = XCBuildConfiguration;
			buildSettings = {
				ASSETCATALOG_COMPILER_APPICON_NAME = AppIcon;
				ASSETCATALOG_COMPILER_GLOBAL_ACCENT_COLOR_NAME = AccentColor;
				CODE_SIGN_STYLE = Automatic;
				INFOPLIST_FILE = YourStory/Info.plist;
				LD_RUNPATH_SEARCH_PATHS = (
					"$(inherited)",
					"@executable_path/Frameworks",
				);
				PRODUCT_BUNDLE_IDENTIFIER = com.minna.YourStory;
				PRODUCT_NAME = "$(TARGET_NAME)";
				SWIFT_VERSION = 5.0;
				TARGETED_DEVICE_FAMILY = "1,2";
			};
			name = Debug;
		};
		BF1C6C8A261F373100FCE90A /* Release */ = {
			isa = XCBuildConfiguration;
			buildSettings = {
				ASSETCATALOG_COMPILER_APPICON_NAME = AppIcon;
				ASSETCATALOG_COMPILER_GLOBAL_ACCENT_COLOR_NAME = AccentColor;
				CODE_SIGN_STYLE = Automatic;
				INFOPLIST_FILE = YourStory/Info.plist;
				LD_RUNPATH_SEARCH_PATHS = (
					"$(inherited)",
					"@executable_path/Frameworks",
				);
				PRODUCT_BUNDLE_IDENTIFIER = com.minna.YourStory;
				PRODUCT_NAME = "$(TARGET_NAME)";
				SWIFT_VERSION = 5.0;
				TARGETED_DEVICE_FAMILY = "1,2";
			};
			name = Release;
		};
/* End XCBuildConfiguration section */

/* Begin XCConfigurationList section */
		BF1C6C6F261F373000FCE90A /* Build configuration list for PBXProject "YourStory" */ = {
			isa = XCConfigurationList;
			buildConfigurations = (
				BF1C6C86261F373100FCE90A /* Debug */,
				BF1C6C87261F373100FCE90A /* Release */,
			);
			defaultConfigurationIsVisible = 0;
			defaultConfigurationName = Release;
		};
		BF1C6C88261F373100FCE90A /* Build configuration list for PBXNativeTarget "YourStory" */ = {
			isa = XCConfigurationList;
			buildConfigurations = (
				BF1C6C89261F373100FCE90A /* Debug */,
				BF1C6C8A261F373100FCE90A /* Release */,
			);
			defaultConfigurationIsVisible = 0;
			defaultConfigurationName = Release;
		};
/* End XCConfigurationList section */
	};
	rootObject = BF1C6C6C261F373000FCE90A /* Project object */;
}
